<?xml version="1.0" encoding="utf-8"?>
<Project ToolsVersion="4.0" xmlns="http://schemas.microsoft.com/developer/msbuild/2003">
  <ItemGroup>
    <Filter Include="Source Files">
      <UniqueIdentifier>{4FC737F1-C7A5-4376-A066-2A32D752A2FF}</UniqueIdentifier>
      <Extensions>cpp;c;cc;cxx;def;odl;idl;hpj;bat;asm;asmx</Extensions>
    </Filter>
    <Filter Include="Header Files">
      <UniqueIdentifier>{93995380-89BD-4b04-88EB-625FBE52EBFB}</UniqueIdentifier>
      <Extensions>h;hh;hpp;hxx;hm;inl;inc;ipp;xsd</Extensions>
    </Filter>
    <Filter Include="Resource Files">
      <UniqueIdentifier>{67DA6AB6-F800-4c08-8B7A-83BB121AAD01}</UniqueIdentifier>
      <Extensions>rc;ico;cur;bmp;dlg;rc2;rct;bin;rgs;gif;jpg;jpeg;jpe;resx;tiff;tif;png;wav;mfcribbon-ms</Extensions>
    </Filter>
  </ItemGroup>
  <ItemGroup>
    <ClCompile Include="main.cpp">
      <Filter>Source Files</Filter>
    </ClCompile>
    <ClCompile Include="Day_1_Challenge.cpp">
      <Filter>Source Files</Filter>
    </ClCompile>
    <ClCompile Include="Day_2_Challenge.cpp">
      <Filter>Source Files</Filter>
    </ClCompile>
    <ClCompile Include="Day_3_Challenge.cpp">
      <Filter>Source Files</Filter>
    </ClCompile>
    <ClCompile Include="Person.cpp">
      <Filter>Source Files</Filter>
    </ClCompile>
    <ClCompile Include="Day_4_Challenge.cpp">
      <Filter>Source Files</Filter>
    </ClCompile>
    <ClCompile Include="Day_5_Challenge.cpp">
      <Filter>Source Files</Filter>
    </ClCompile>
    <ClCompile Include="Day_6_Challenge.cpp">
      <Filter>Source Files</Filter>
    </ClCompile>
    <ClCompile Include="Day_7_Challenge.cpp">
      <Filter>Source Files</Filter>
    </ClCompile>
    <ClCompile Include="Day_8_Challenge.cpp">
      <Filter>Source Files</Filter>
    </ClCompile>
    <ClCompile Include="Day_9_Challenge.cpp">
      <Filter>Source Files</Filter>
    </ClCompile>
    <ClCompile Include="Day_10_Challenge.cpp">
      <Filter>Source Files</Filter>
    </ClCompile>
    <ClCompile Include="Day_11_Challenge.cpp">
      <Filter>Source Files</Filter>
    </ClCompile>
    <ClCompile Include="Day_12_Challenge.cpp">
      <Filter>Source Files</Filter>
    </ClCompile>
    <ClCompile Include="Day_13_Challenge.cpp">
      <Filter>Source Files</Filter>
    </ClCompile>
    <ClCompile Include="Day_14_Challenge.cpp">
      <Filter>Source Files</Filter>
    </ClCompile>
    <ClCompile Include="Day_15_Challenge.cpp">
      <Filter>Source Files</Filter>
    </ClCompile>
    <ClCompile Include="Day_16_Challenge.cpp">
      <Filter>Source Files</Filter>
    </ClCompile>
    <ClCompile Include="Day_17_Challenge.cpp">
      <Filter>Source Files</Filter>
    </ClCompile>
    <ClCompile Include="Day_18_Challenge.cpp">
      <Filter>Source Files</Filter>
    </ClCompile>
    <ClCompile Include="Day_19_Challenge.cpp">
      <Filter>Source Files</Filter>
    </ClCompile>
    <ClCompile Include="Day_20_Challenge.cpp">
      <Filter>Source Files</Filter>
    </ClCompile>
    <ClCompile Include="Day_21_Challenge.cpp">
      <Filter>Source Files</Filter>
    </ClCompile>
    <ClCompile Include="Day_22_Challenge.cpp">
      <Filter>Source Files</Filter>
    </ClCompile>
    <ClCompile Include="Day_23_Challenge.cpp">
      <Filter>Source Files</Filter>
    </ClCompile>
    <ClCompile Include="Day_24_Challenge.cpp">
      <Filter>Source Files</Filter>
    </ClCompile>
    <ClCompile Include="Day_25_Challenge.cpp">
      <Filter>Source Files</Filter>
    </ClCompile>
    <ClCompile Include="Day_26_Challenge.cpp">
      <Filter>Source Files</Filter>
    </ClCompile>
    <ClCompile Include="Day_27_Challenge.cpp">
      <Filter>Source Files</Filter>
    </ClCompile>
    <ClCompile Include="Day_28_Challenge.cpp">
      <Filter>Source Files</Filter>
    </ClCompile>
    <ClCompile Include="Day_29_Challenge.cpp">
      <Filter>Source Files</Filter>
    </ClCompile>
  </ItemGroup>
  <ItemGroup>
    <ClInclude Include="Day_1_Challenge.h">
      <Filter>Header Files</Filter>
    </ClInclude>
    <ClInclude Include="common.h">
      <Filter>Header Files</Filter>
    </ClInclude>
    <ClInclude Include="Day_2_Challenge.h">
      <Filter>Header Files</Filter>
    </ClInclude>
    <ClInclude Include="Day_3_Challenge.h">
      <Filter>Header Files</Filter>
    </ClInclude>
    <ClInclude Include="Person.h">
      <Filter>Header Files</Filter>
    </ClInclude>
    <ClInclude Include="Day_4_Challenge.h">
      <Filter>Header Files</Filter>
    </ClInclude>
    <ClInclude Include="Day_5_Challenge.h">
      <Filter>Header Files</Filter>
    </ClInclude>
    <ClInclude Include="Day_6_Challenge.h">
      <Filter>Header Files</Filter>
    </ClInclude>
    <ClInclude Include="Day_7_Challenge.h">
      <Filter>Header Files</Filter>
    </ClInclude>
    <ClInclude Include="Day_8_Challenge.h">
      <Filter>Header Files</Filter>
    </ClInclude>
    <ClInclude Include="Day_9_Challenge.h">
      <Filter>Header Files</Filter>
    </ClInclude>
    <ClInclude Include="Day_10_Challenge.h">
      <Filter>Header Files</Filter>
    </ClInclude>
    <ClInclude Include="Day_11_Challenge.h">
      <Filter>Header Files</Filter>
    </ClInclude>
    <ClInclude Include="Day_12_Challenge.h">
      <Filter>Header Files</Filter>
    </ClInclude>
    <ClInclude Include="Day_13_Challenge.h">
      <Filter>Header Files</Filter>
    </ClInclude>
    <ClInclude Include="Day_14_Challenge.h">
      <Filter>Header Files</Filter>
    </ClInclude>
    <ClInclude Include="Day_15_Challenge.h">
      <Filter>Header Files</Filter>
    </ClInclude>
    <ClInclude Include="Day_16_Challenge.h">
      <Filter>Header Files</Filter>
    </ClInclude>
    <ClInclude Include="Day_17_Challenge.h">
      <Filter>Header Files</Filter>
    </ClInclude>
    <ClInclude Include="Day_18_Challenge.h">
      <Filter>Header Files</Filter>
    </ClInclude>
    <ClInclude Include="Day_19_Challenge.h">
      <Filter>Header Files</Filter>
    </ClInclude>
    <ClInclude Include="Day_20_Challenge.h">
      <Filter>Header Files</Filter>
    </ClInclude>
    <ClInclude Include="Day_21_Challenge.h">
      <Filter>Header Files</Filter>
    </ClInclude>
    <ClInclude Include="Day_22_Challenge.h">
      <Filter>Source Files</Filter>
    </ClInclude>
    <ClInclude Include="Day_23_Challenge.h">
      <Filter>Header Files</Filter>
    </ClInclude>
    <ClInclude Include="Day_24_Challenge.h">
      <Filter>Header Files</Filter>
    </ClInclude>
    <ClInclude Include="Day_25_Challenge.h">
      <Filter>Header Files</Filter>
    </ClInclude>
    <ClInclude Include="Day_26_Challenge.h">
      <Filter>Header Files</Filter>
    </ClInclude>
    <ClInclude Include="Day_27_Challenge.h">
      <Filter>Header Files</Filter>
    </ClInclude>
    <ClInclude Include="Day_28_Challenge.h">
      <Filter>Header Files</Filter>
    </ClInclude>
    <ClInclude Include="Day_29_Challenge.h">
      <Filter>Header Files</Filter>
    </ClInclude>
  </ItemGroup>
</Project>